
Microsoft Visual Studio Solution File, Format Version 12.00
# Visual Studio Version 17
VisualStudioVersion = 17.3.32901.215
MinimumVisualStudioVersion = 10.0.40219.1
Project("{FAE04EC0-301F-11D3-BF4B-00C04F79EFBC}") = "BulkyBookWeb", "BulkyBookWeb\BulkyBookWeb.csproj", "{51CE102B-8F44-4953-93AC-0E04957CDD94}"
EndProject
Global
	GlobalSection(SolutionConfigurationPlatforms) = preSolution
		Debug|Any CPU = Debug|Any CPU
		Release|Any CPU = Release|Any CPU
	EndGlobalSection
	GlobalSection(ProjectConfigurationPlatforms) = postSolution
		{51CE102B-8F44-4953-93AC-0E04957CDD94}.Debug|Any CPU.ActiveCfg = Debug|Any CPU
		{51CE102B-8F44-4953-93AC-0E04957CDD94}.Debug|Any CPU.Build.0 = Debug|Any CPU
		{51CE102B-8F44-4953-93AC-0E04957CDD94}.Release|Any CPU.ActiveCfg = Release|Any CPU
		{51CE102B-8F44-4953-93AC-0E04957CDD94}.Release|Any CPU.Build.0 = Release|Any CPU
	EndGlobalSection
	GlobalSection(SolutionProperties) = preSolution
		HideSolutionNode = FALSE
	EndGlobalSection
	GlobalSection(ExtensibilityGlobals) = postSolution
		SolutionGuid = {6542FC65-79FC-4E66-9C71-0F8FE3587DD7}
	EndGlobalSection
EndGlobal
